
Microsoft Visual Studio Solution File, Format Version 12.00
# Visual Studio Version 17
VisualStudioVersion = 17.11.35222.181
MinimumVisualStudioVersion = 10.0.40219.1
Project("{FAE04EC0-301F-11D3-BF4B-00C04F79EFBC}") = "SzkolenieTechniczne2.Cinema.Common", "SzkolenieTechniczne2.Cinema.Common\SzkolenieTechniczne2.Cinema.Common.csproj", "{E773BAD7-78F5-4098-86DC-C6E83B9A3918}"
EndProject
Project("{FAE04EC0-301F-11D3-BF4B-00C04F79EFBC}") = "SzkolenieTechniczne2.Cinema.Domain", "SzkolenieTechniczne2.Cinema.Domain\SzkolenieTechniczne2.Cinema.Domain.csproj", "{82E06A24-77BA-489A-B5BE-768A7006CAD5}"
EndProject
Project("{FAE04EC0-301F-11D3-BF4B-00C04F79EFBC}") = "SzkolenieTechniczne2.Cinema.Infrastucture", "SzkolenieTechniczne2.Cinema.Infrastucture\SzkolenieTechniczne2.Cinema.Infrastucture.csproj", "{0C18BD6D-63D9-4E5D-82BC-FFC6C4519431}"
EndProject
Global
	GlobalSection(SolutionConfigurationPlatforms) = preSolution
		Debug|Any CPU = Debug|Any CPU
		Release|Any CPU = Release|Any CPU
	EndGlobalSection
	GlobalSection(ProjectConfigurationPlatforms) = postSolution
		{E773BAD7-78F5-4098-86DC-C6E83B9A3918}.Debug|Any CPU.ActiveCfg = Debug|Any CPU
		{E773BAD7-78F5-4098-86DC-C6E83B9A3918}.Debug|Any CPU.Build.0 = Debug|Any CPU
		{E773BAD7-78F5-4098-86DC-C6E83B9A3918}.Release|Any CPU.ActiveCfg = Release|Any CPU
		{E773BAD7-78F5-4098-86DC-C6E83B9A3918}.Release|Any CPU.Build.0 = Release|Any CPU
		{82E06A24-77BA-489A-B5BE-768A7006CAD5}.Debug|Any CPU.ActiveCfg = Debug|Any CPU
		{82E06A24-77BA-489A-B5BE-768A7006CAD5}.Debug|Any CPU.Build.0 = Debug|Any CPU
		{82E06A24-77BA-489A-B5BE-768A7006CAD5}.Release|Any CPU.ActiveCfg = Release|Any CPU
		{82E06A24-77BA-489A-B5BE-768A7006CAD5}.Release|Any CPU.Build.0 = Release|Any CPU
		{0C18BD6D-63D9-4E5D-82BC-FFC6C4519431}.Debug|Any CPU.ActiveCfg = Debug|Any CPU
		{0C18BD6D-63D9-4E5D-82BC-FFC6C4519431}.Debug|Any CPU.Build.0 = Debug|Any CPU
		{0C18BD6D-63D9-4E5D-82BC-FFC6C4519431}.Release|Any CPU.ActiveCfg = Release|Any CPU
		{0C18BD6D-63D9-4E5D-82BC-FFC6C4519431}.Release|Any CPU.Build.0 = Release|Any CPU
	EndGlobalSection
	GlobalSection(SolutionProperties) = preSolution
		HideSolutionNode = FALSE
	EndGlobalSection
	GlobalSection(ExtensibilityGlobals) = postSolution
		SolutionGuid = {3D89CEB7-EEB4-43B3-9D3C-34E4BCEAD4E3}
	EndGlobalSection
EndGlobal
